
Microsoft Visual Studio Solution File, Format Version 12.00
# Visual Studio Version 16
VisualStudioVersion = 16.0.31624.102
MinimumVisualStudioVersion = 10.0.40219.1
Project("{FAE04EC0-301F-11D3-BF4B-00C04F79EFBC}") = "MvcTeretana", "MvcTeretana\MvcTeretana.csproj", "{24FA624B-75B6-427C-8336-B730BBAA8059}"
EndProject
Global
	GlobalSection(SolutionConfigurationPlatforms) = preSolution
		Debug|Any CPU = Debug|Any CPU
		Release|Any CPU = Release|Any CPU
	EndGlobalSection
	GlobalSection(ProjectConfigurationPlatforms) = postSolution
		{24FA624B-75B6-427C-8336-B730BBAA8059}.Debug|Any CPU.ActiveCfg = Debug|Any CPU
		{24FA624B-75B6-427C-8336-B730BBAA8059}.Debug|Any CPU.Build.0 = Debug|Any CPU
		{24FA624B-75B6-427C-8336-B730BBAA8059}.Release|Any CPU.ActiveCfg = Release|Any CPU
		{24FA624B-75B6-427C-8336-B730BBAA8059}.Release|Any CPU.Build.0 = Release|Any CPU
	EndGlobalSection
	GlobalSection(SolutionProperties) = preSolution
		HideSolutionNode = FALSE
	EndGlobalSection
	GlobalSection(ExtensibilityGlobals) = postSolution
		SolutionGuid = {212901C7-AFE6-4FD6-AE9D-E395208A58FD}
	EndGlobalSection
EndGlobal
